
Microsoft Visual Studio Solution File, Format Version 12.00
# Visual Studio Version 17
VisualStudioVersion = 17.6.33829.357
MinimumVisualStudioVersion = 10.0.40219.1
Project("{FAE04EC0-301F-11D3-BF4B-00C04F79EFBC}") = "firstProject", "firstProject.csproj", "{B94A267C-0A68-47FC-9DCF-3A07E6F0F775}"
EndProject
Global
	GlobalSection(SolutionConfigurationPlatforms) = preSolution
		Debug|Any CPU = Debug|Any CPU
		Release|Any CPU = Release|Any CPU
	EndGlobalSection
	GlobalSection(ProjectConfigurationPlatforms) = postSolution
		{B94A267C-0A68-47FC-9DCF-3A07E6F0F775}.Debug|Any CPU.ActiveCfg = Debug|Any CPU
		{B94A267C-0A68-47FC-9DCF-3A07E6F0F775}.Debug|Any CPU.Build.0 = Debug|Any CPU
		{B94A267C-0A68-47FC-9DCF-3A07E6F0F775}.Release|Any CPU.ActiveCfg = Release|Any CPU
		{B94A267C-0A68-47FC-9DCF-3A07E6F0F775}.Release|Any CPU.Build.0 = Release|Any CPU
	EndGlobalSection
	GlobalSection(SolutionProperties) = preSolution
		HideSolutionNode = FALSE
	EndGlobalSection
	GlobalSection(ExtensibilityGlobals) = postSolution
		SolutionGuid = {86592CD9-A2DF-4F00-8109-4B31935E1EC1}
	EndGlobalSection
EndGlobal
